// !$*UTF8*$!
{
	archiveVersion = 1;
	classes = {
	};
	objectVersion = 56;
	objects = {

/* Begin PBXBuildFile section */
		CB5B6BA12976BD0C009F8D45 /* SFPSDWriter_SwiftUIApp.swift in Sources */ = {isa = PBXBuildFile; fileRef = CB5B6BA02976BD0C009F8D45 /* SFPSDWriter_SwiftUIApp.swift */; };
		CB5B6BA32976BD0C009F8D45 /* ContentView.swift in Sources */ = {isa = PBXBuildFile; fileRef = CB5B6BA22976BD0C009F8D45 /* ContentView.swift */; };
		CB5B6BA52976BD0E009F8D45 /* Assets.xcassets in Resources */ = {isa = PBXBuildFile; fileRef = CB5B6BA42976BD0E009F8D45 /* Assets.xcassets */; };
		CB5B6BA92976BD0E009F8D45 /* Preview Assets.xcassets in Resources */ = {isa = PBXBuildFile; fileRef = CB5B6BA82976BD0E009F8D45 /* Preview Assets.xcassets */; };
		CB5B6BB12976BD39009F8D45 /* SFPSDWriter.framework in Frameworks */ = {isa = PBXBuildFile; fileRef = CB5B6BB02976BD39009F8D45 /* SFPSDWriter.framework */; };
		CB5B6BB22976BD39009F8D45 /* SFPSDWriter.framework in Embed Frameworks */ = {isa = PBXBuildFile; fileRef = CB5B6BB02976BD39009F8D45 /* SFPSDWriter.framework */; settings = {ATTRIBUTES = (CodeSignOnCopy, RemoveHeadersOnCopy, ); }; };
		CB5B6BB72976E666009F8D45 /* secondImage.png in Resources */ = {isa = PBXBuildFile; fileRef = CB5B6BB52976E665009F8D45 /* secondImage.png */; };
		CB5B6BB82976E666009F8D45 /* firstImage.png in Resources */ = {isa = PBXBuildFile; fileRef = CB5B6BB62976E665009F8D45 /* firstImage.png */; };
/* End PBXBuildFile section */

/* Begin PBXCopyFilesBuildPhase section */
		CB5B6BB32976BD39009F8D45 /* Embed Frameworks */ = {
			isa = PBXCopyFilesBuildPhase;
			buildActionMask = 2147483647;
			dstPath = "";
			dstSubfolderSpec = 10;
			files = (
				CB5B6BB22976BD39009F8D45 /* SFPSDWriter.framework in Embed Frameworks */,
			);
			name = "Embed Frameworks";
			runOnlyForDeploymentPostprocessing = 0;
		};
/* End PBXCopyFilesBuildPhase section */

/* Begin PBXFileReference section */
		CB5B6B9D2976BD0C009F8D45 /* SFPSDWriter SwiftUI.app */ = {isa = PBXFileReference; explicitFileType = wrapper.application; includeInIndex = 0; path = "SFPSDWriter SwiftUI.app"; sourceTree = BUILT_PRODUCTS_DIR; };
		CB5B6BA02976BD0C009F8D45 /* SFPSDWriter_SwiftUIApp.swift */ = {isa = PBXFileReference; lastKnownFileType = sourcecode.swift; path = SFPSDWriter_SwiftUIApp.swift; sourceTree = "<group>"; };
		CB5B6BA22976BD0C009F8D45 /* ContentView.swift */ = {isa = PBXFileReference; lastKnownFileType = sourcecode.swift; path = ContentView.swift; sourceTree = "<group>"; };
		CB5B6BA42976BD0E009F8D45 /* Assets.xcassets */ = {isa = PBXFileReference; lastKnownFileType = folder.assetcatalog; path = Assets.xcassets; sourceTree = "<group>"; };
		CB5B6BA62976BD0E009F8D45 /* SFPSDWriter_SwiftUI.entitlements */ = {isa = PBXFileReference; lastKnownFileType = text.plist.entitlements; path = SFPSDWriter_SwiftUI.entitlements; sourceTree = "<group>"; };
		CB5B6BA82976BD0E009F8D45 /* Preview Assets.xcassets */ = {isa = PBXFileReference; lastKnownFileType = folder.assetcatalog; path = "Preview Assets.xcassets"; sourceTree = "<group>"; };
		CB5B6BB02976BD39009F8D45 /* SFPSDWriter.framework */ = {isa = PBXFileReference; explicitFileType = wrapper.framework; path = SFPSDWriter.framework; sourceTree = BUILT_PRODUCTS_DIR; };
		CB5B6BB52976E665009F8D45 /* secondImage.png */ = {isa = PBXFileReference; lastKnownFileType = image.png; path = secondImage.png; sourceTree = "<group>"; };
		CB5B6BB62976E665009F8D45 /* firstImage.png */ = {isa = PBXFileReference; lastKnownFileType = image.png; path = firstImage.png; sourceTree = "<group>"; };
/* End PBXFileReference section */

/* Begin PBXFrameworksBuildPhase section */
		CB5B6B9A2976BD0C009F8D45 /* Frameworks */ = {
			isa = PBXFrameworksBuildPhase;
			buildActionMask = 2147483647;
			files = (
				CB5B6BB12976BD39009F8D45 /* SFPSDWriter.framework in Frameworks */,
			);
			runOnlyForDeploymentPostprocessing = 0;
		};
/* End PBXFrameworksBuildPhase section */

/* Begin PBXGroup section */
		CB5B6B942976BD0B009F8D45 = {
			isa = PBXGroup;
			children = (
				CB5B6B9F2976BD0C009F8D45 /* SFPSDWriter SwiftUI */,
				CB5B6B9E2976BD0C009F8D45 /* Products */,
				CB5B6BAF2976BD39009F8D45 /* Frameworks */,
			);
			sourceTree = "<group>";
		};
		CB5B6B9E2976BD0C009F8D45 /* Products */ = {
			isa = PBXGroup;
			children = (
				CB5B6B9D2976BD0C009F8D45 /* SFPSDWriter SwiftUI.app */,
			);
			name = Products;
			sourceTree = "<group>";
		};
		CB5B6B9F2976BD0C009F8D45 /* SFPSDWriter SwiftUI */ = {
			isa = PBXGroup;
			children = (
				CB5B6BA02976BD0C009F8D45 /* SFPSDWriter_SwiftUIApp.swift */,
				CB5B6BA22976BD0C009F8D45 /* ContentView.swift */,
				CB5B6BA42976BD0E009F8D45 /* Assets.xcassets */,
				CB5B6BA62976BD0E009F8D45 /* SFPSDWriter_SwiftUI.entitlements */,
				CB5B6BB42976E665009F8D45 /* Resources */,
				CB5B6BA72976BD0E009F8D45 /* Preview Content */,
			);
			path = "SFPSDWriter SwiftUI";
			sourceTree = "<group>";
		};
		CB5B6BA72976BD0E009F8D45 /* Preview Content */ = {
			isa = PBXGroup;
			children = (
				CB5B6BA82976BD0E009F8D45 /* Preview Assets.xcassets */,
			);
			path = "Preview Content";
			sourceTree = "<group>";
		};
		CB5B6BAF2976BD39009F8D45 /* Frameworks */ = {
			isa = PBXGroup;
			children = (
				CB5B6BB02976BD39009F8D45 /* SFPSDWriter.framework */,
			);
			name = Frameworks;
			sourceTree = "<group>";
		};
		CB5B6BB42976E665009F8D45 /* Resources */ = {
			isa = PBXGroup;
			children = (
				CB5B6BB52976E665009F8D45 /* secondImage.png */,
				CB5B6BB62976E665009F8D45 /* firstImage.png */,
			);
			path = Resources;
			sourceTree = "<group>";
		};
/* End PBXGroup section */

/* Begin PBXNativeTarget section */
		CB5B6B9C2976BD0C009F8D45 /* SFPSDWriter SwiftUI */ = {
			isa = PBXNativeTarget;
			buildConfigurationList = CB5B6BAC2976BD0E009F8D45 /* Build configuration list for PBXNativeTarget "SFPSDWriter SwiftUI" */;
			buildPhases = (
				CB5B6B992976BD0C009F8D45 /* Sources */,
				CB5B6B9A2976BD0C009F8D45 /* Frameworks */,
				CB5B6B9B2976BD0C009F8D45 /* Resources */,
				CB5B6BB32976BD39009F8D45 /* Embed Frameworks */,
			);
			buildRules = (
			);
			dependencies = (
			);
			name = "SFPSDWriter SwiftUI";
			productName = "SFPSDWriter SwiftUI";
			productReference = CB5B6B9D2976BD0C009F8D45 /* SFPSDWriter SwiftUI.app */;
			productType = "com.apple.product-type.application";
		};
/* End PBXNativeTarget section */

/* Begin PBXProject section */
		CB5B6B952976BD0B009F8D45 /* Project object */ = {
			isa = PBXProject;
			attributes = {
				BuildIndependentTargetsInParallel = 1;
				LastSwiftUpdateCheck = 1420;
				LastUpgradeCheck = 1420;
				TargetAttributes = {
					CB5B6B9C2976BD0C009F8D45 = {
						CreatedOnToolsVersion = 14.2;
					};
				};
			};
			buildConfigurationList = CB5B6B982976BD0B009F8D45 /* Build configuration list for PBXProject "SFPSDWriter SwiftUI" */;
			compatibilityVersion = "Xcode 14.0";
			developmentRegion = en;
			hasScannedForEncodings = 0;
			knownRegions = (
				en,
				Base,
			);
			mainGroup = CB5B6B942976BD0B009F8D45;
			productRefGroup = CB5B6B9E2976BD0C009F8D45 /* Products */;
			projectDirPath = "";
			projectRoot = "";
			targets = (
				CB5B6B9C2976BD0C009F8D45 /* SFPSDWriter SwiftUI */,
			);
		};
/* End PBXProject section */

/* Begin PBXResourcesBuildPhase section */
		CB5B6B9B2976BD0C009F8D45 /* Resources */ = {
			isa = PBXResourcesBuildPhase;
			buildActionMask = 2147483647;
			files = (
				CB5B6BB82976E666009F8D45 /* firstImage.png in Resources */,
				CB5B6BB72976E666009F8D45 /* secondImage.png in Resources */,
				CB5B6BA92976BD0E009F8D45 /* Preview Assets.xcassets in Resources */,
				CB5B6BA52976BD0E009F8D45 /* Assets.xcassets in Resources */,
			);
			runOnlyForDeploymentPostprocessing = 0;
		};
/* End PBXResourcesBuildPhase section */

/* Begin PBXSourcesBuildPhase section */
		CB5B6B992976BD0C009F8D45 /* Sources */ = {
			isa = PBXSourcesBuildPhase;
			buildActionMask = 2147483647;
			files = (
				CB5B6BA32976BD0C009F8D45 /* ContentView.swift in Sources */,
				CB5B6BA12976BD0C009F8D45 /* SFPSDWriter_SwiftUIApp.swift in Sources */,
			);
			runOnlyForDeploymentPostprocessing = 0;
		};
/* End PBXSourcesBuildPhase section */

/* Begin XCBuildConfiguration section */
		CB5B6BAA2976BD0E009F8D45 /* Debug */ = {
			isa = XCBuildConfiguration;
			buildSettings = {
				ALWAYS_SEARCH_USER_PATHS = NO;
				CLANG_ANALYZER_NONNULL = YES;
				CLANG_ANALYZER_NUMBER_OBJECT_CONVERSION = YES_AGGRESSIVE;
				CLANG_CXX_LANGUAGE_STANDARD = "gnu++20";
				CLANG_ENABLE_MODULES = YES;
				CLANG_ENABLE_OBJC_ARC = YES;
				CLANG_ENABLE_OBJC_WEAK = YES;
				CLANG_WARN_BLOCK_CAPTURE_AUTORELEASING = YES;
				CLANG_WARN_BOOL_CONVERSION = YES;
				CLANG_WARN_COMMA = YES;
				CLANG_WARN_CONSTANT_CONVERSION = YES;
				CLANG_WARN_DEPRECATED_OBJC_IMPLEMENTATIONS = YES;
				CLANG_WARN_DIRECT_OBJC_ISA_USAGE = YES_ERROR;
				CLANG_WARN_DOCUMENTATION_COMMENTS = YES;
				CLANG_WARN_EMPTY_BODY = YES;
				CLANG_WARN_ENUM_CONVERSION = YES;
				CLANG_WARN_INFINITE_RECURSION = YES;
				CLANG_WARN_INT_CONVERSION = YES;
				CLANG_WARN_NON_LITERAL_NULL_CONVERSION = YES;
				CLANG_WARN_OBJC_IMPLICIT_RETAIN_SELF = YES;
				CLANG_WARN_OBJC_LITERAL_CONVERSION = YES;
				CLANG_WARN_OBJC_ROOT_CLASS = YES_ERROR;
				CLANG_WARN_QUOTED_INCLUDE_IN_FRAMEWORK_HEADER = YES;
				CLANG_WARN_RANGE_LOOP_ANALYSIS = YES;
				CLANG_WARN_STRICT_PROTOTYPES = YES;
				CLANG_WARN_SUSPICIOUS_MOVE = YES;
				CLANG_WARN_UNGUARDED_AVAILABILITY = YES_AGGRESSIVE;
				CLANG_WARN_UNREACHABLE_CODE = YES;
				CLANG_WARN__DUPLICATE_METHOD_MATCH = YES;
				COPY_PHASE_STRIP = NO;
				DEBUG_INFORMATION_FORMAT = dwarf;
				ENABLE_STRICT_OBJC_MSGSEND = YES;
				ENABLE_TESTABILITY = YES;
				GCC_C_LANGUAGE_STANDARD = gnu11;
				GCC_DYNAMIC_NO_PIC = NO;
				GCC_NO_COMMON_BLOCKS = YES;
				GCC_OPTIMIZATION_LEVEL = 0;
				GCC_PREPROCESSOR_DEFINITIONS = (
					"DEBUG=1",
					"$(inherited)",
				);
				GCC_WARN_64_TO_32_BIT_CONVERSION = YES;
				GCC_WARN_ABOUT_RETURN_TYPE = YES_ERROR;
				GCC_WARN_UNDECLARED_SELECTOR = YES;
				GCC_WARN_UNINITIALIZED_AUTOS = YES_AGGRESSIVE;
				GCC_WARN_UNUSED_FUNCTION = YES;
				GCC_WARN_UNUSED_VARIABLE = YES;
				MTL_ENABLE_DEBUG_INFO = INCLUDE_SOURCE;
				MTL_FAST_MATH = YES;
				ONLY_ACTIVE_ARCH = YES;
				SWIFT_ACTIVE_COMPILATION_CONDITIONS = DEBUG;
				SWIFT_OPTIMIZATION_LEVEL = "-Onone";
			};
			name = Debug;
		};
		CB5B6BAB2976BD0E009F8D45 /* Release */ = {
			isa = XCBuildConfiguration;
			buildSettings = {
				ALWAYS_SEARCH_USER_PATHS = NO;
				CLANG_ANALYZER_NONNULL = YES;
				CLANG_ANALYZER_NUMBER_OBJECT_CONVERSION = YES_AGGRESSIVE;
				CLANG_CXX_LANGUAGE_STANDARD = "gnu++20";
				CLANG_ENABLE_MODULES = YES;
				CLANG_ENABLE_OBJC_ARC = YES;
				CLANG_ENABLE_OBJC_WEAK = YES;
				CLANG_WARN_BLOCK_CAPTURE_AUTORELEASING = YES;
				CLANG_WARN_BOOL_CONVERSION = YES;
				CLANG_WARN_COMMA = YES;
				CLANG_WARN_CONSTANT_CONVERSION = YES;
				CLANG_WARN_DEPRECATED_OBJC_IMPLEMENTATIONS = YES;
				CLANG_WARN_DIRECT_OBJC_ISA_USAGE = YES_ERROR;
				CLANG_WARN_DOCUMENTATION_COMMENTS = YES;
				CLANG_WARN_EMPTY_BODY = YES;
				CLANG_WARN_ENUM_CONVERSION = YES;
				CLANG_WARN_INFINITE_RECURSION = YES;
				CLANG_WARN_INT_CONVERSION = YES;
				CLANG_WARN_NON_LITERAL_NULL_CONVERSION = YES;
				CLANG_WARN_OBJC_IMPLICIT_RETAIN_SELF = YES;
				CLANG_WARN_OBJC_LITERAL_CONVERSION = YES;
				CLANG_WARN_OBJC_ROOT_CLASS = YES_ERROR;
				CLANG_WARN_QUOTED_INCLUDE_IN_FRAMEWORK_HEADER = YES;
				CLANG_WARN_RANGE_LOOP_ANALYSIS = YES;
				CLANG_WARN_STRICT_PROTOTYPES = YES;
				CLANG_WARN_SUSPICIOUS_MOVE = YES;
				CLANG_WARN_UNGUARDED_AVAILABILITY = YES_AGGRESSIVE;
				CLANG_WARN_UNREACHABLE_CODE = YES;
				CLANG_WARN__DUPLICATE_METHOD_MATCH = YES;
				COPY_PHASE_STRIP = NO;
				DEBUG_INFORMATION_FORMAT = "dwarf-with-dsym";
				ENABLE_NS_ASSERTIONS = NO;
				ENABLE_STRICT_OBJC_MSGSEND = YES;
				GCC_C_LANGUAGE_STANDARD = gnu11;
				GCC_NO_COMMON_BLOCKS = YES;
				GCC_WARN_64_TO_32_BIT_CONVERSION = YES;
				GCC_WARN_ABOUT_RETURN_TYPE = YES_ERROR;
				GCC_WARN_UNDECLARED_SELECTOR = YES;
				GCC_WARN_UNINITIALIZED_AUTOS = YES_AGGRESSIVE;
				GCC_WARN_UNUSED_FUNCTION = YES;
				GCC_WARN_UNUSED_VARIABLE = YES;
				MTL_ENABLE_DEBUG_INFO = NO;
				MTL_FAST_MATH = YES;
				SWIFT_COMPILATION_MODE = wholemodule;
				SWIFT_OPTIMIZATION_LEVEL = "-O";
			};
			name = Release;
		};
		CB5B6BAD2976BD0E009F8D45 /* Debug */ = {
			isa = XCBuildConfiguration;
			buildSettings = {
				ASSETCATALOG_COMPILER_APPICON_NAME = AppIcon;
				ASSETCATALOG_COMPILER_GLOBAL_ACCENT_COLOR_NAME = AccentColor;
				CODE_SIGN_ENTITLEMENTS = "SFPSDWriter SwiftUI/SFPSDWriter_SwiftUI.entitlements";
				CODE_SIGN_STYLE = Automatic;
				CURRENT_PROJECT_VERSION = 1;
				DEVELOPMENT_ASSET_PATHS = "\"SFPSDWriter SwiftUI/Preview Content\"";
				ENABLE_PREVIEWS = YES;
				GENERATE_INFOPLIST_FILE = YES;
				"INFOPLIST_KEY_UIApplicationSceneManifest_Generation[sdk=iphoneos*]" = YES;
				"INFOPLIST_KEY_UIApplicationSceneManifest_Generation[sdk=iphonesimulator*]" = YES;
				"INFOPLIST_KEY_UIApplicationSupportsIndirectInputEvents[sdk=iphoneos*]" = YES;
				"INFOPLIST_KEY_UIApplicationSupportsIndirectInputEvents[sdk=iphonesimulator*]" = YES;
				"INFOPLIST_KEY_UILaunchScreen_Generation[sdk=iphoneos*]" = YES;
				"INFOPLIST_KEY_UILaunchScreen_Generation[sdk=iphonesimulator*]" = YES;
				"INFOPLIST_KEY_UIStatusBarStyle[sdk=iphoneos*]" = UIStatusBarStyleDefault;
				"INFOPLIST_KEY_UIStatusBarStyle[sdk=iphonesimulator*]" = UIStatusBarStyleDefault;
				INFOPLIST_KEY_UISupportedInterfaceOrientations_iPad = "UIInterfaceOrientationPortrait UIInterfaceOrientationPortraitUpsideDown UIInterfaceOrientationLandscapeLeft UIInterfaceOrientationLandscapeRight";
				INFOPLIST_KEY_UISupportedInterfaceOrientations_iPhone = "UIInterfaceOrientationPortrait UIInterfaceOrientationLandscapeLeft UIInterfaceOrientationLandscapeRight";
				IPHONEOS_DEPLOYMENT_TARGET = 15.0;
				LD_RUNPATH_SEARCH_PATHS = "@executable_path/Frameworks";
				"LD_RUNPATH_SEARCH_PATHS[sdk=macosx*]" = "@executable_path/../Frameworks";
				MACOSX_DEPLOYMENT_TARGET = 12.0;
				MARKETING_VERSION = 1.0;
				PRODUCT_BUNDLE_IDENTIFIER = "com.bricklife.SFPSDWriter-SwiftUI";
				PRODUCT_NAME = "$(TARGET_NAME)";
				SDKROOT = auto;
				SUPPORTED_PLATFORMS = "iphoneos iphonesimulator macosx";
				SWIFT_EMIT_LOC_STRINGS = YES;
				SWIFT_VERSION = 5.0;
				TARGETED_DEVICE_FAMILY = "1,2";
			};
			name = Debug;
		};
		CB5B6BAE2976BD0E009F8D45 /* Release */ = {
			isa = XCBuildConfiguration;
			buildSettings = {
				ASSETCATALOG_COMPILER_APPICON_NAME = AppIcon;
				ASSETCATALOG_COMPILER_GLOBAL_ACCENT_COLOR_NAME = AccentColor;
				CODE_SIGN_ENTITLEMENTS = "SFPSDWriter SwiftUI/SFPSDWriter_SwiftUI.entitlements";
				CODE_SIGN_STYLE = Automatic;
				CURRENT_PROJECT_VERSION = 1;
				DEVELOPMENT_ASSET_PATHS = "\"SFPSDWriter SwiftUI/Preview Content\"";
				ENABLE_PREVIEWS = YES;
				GENERATE_INFOPLIST_FILE = YES;
				"INFOPLIST_KEY_UIApplicationSceneManifest_Generation[sdk=iphoneos*]" = YES;
				"INFOPLIST_KEY_UIApplicationSceneManifest_Generation[sdk=iphonesimulator*]" = YES;
				"INFOPLIST_KEY_UIApplicationSupportsIndirectInputEvents[sdk=iphoneos*]" = YES;
				"INFOPLIST_KEY_UIApplicationSupportsIndirectInputEvents[sdk=iphonesimulator*]" = YES;
				"INFOPLIST_KEY_UILaunchScreen_Generation[sdk=iphoneos*]" = YES;
				"INFOPLIST_KEY_UILaunchScreen_Generation[sdk=iphonesimulator*]" = YES;
				"INFOPLIST_KEY_UIStatusBarStyle[sdk=iphoneos*]" = UIStatusBarStyleDefault;
				"INFOPLIST_KEY_UIStatusBarStyle[sdk=iphonesimulator*]" = UIStatusBarStyleDefault;
				INFOPLIST_KEY_UISupportedInterfaceOrientations_iPad = "UIInterfaceOrientationPortrait UIInterfaceOrientationPortraitUpsideDown UIInterfaceOrientationLandscapeLeft UIInterfaceOrientationLandscapeRight";
				INFOPLIST_KEY_UISupportedInterfaceOrientations_iPhone = "UIInterfaceOrientationPortrait UIInterfaceOrientationLandscapeLeft UIInterfaceOrientationLandscapeRight";
				IPHONEOS_DEPLOYMENT_TARGET = 15.0;
				LD_RUNPATH_SEARCH_PATHS = "@executable_path/Frameworks";
				"LD_RUNPATH_SEARCH_PATHS[sdk=macosx*]" = "@executable_path/../Frameworks";
				MACOSX_DEPLOYMENT_TARGET = 12.0;
				MARKETING_VERSION = 1.0;
				PRODUCT_BUNDLE_IDENTIFIER = "com.bricklife.SFPSDWriter-SwiftUI";
				PRODUCT_NAME = "$(TARGET_NAME)";
				SDKROOT = auto;
				SUPPORTED_PLATFORMS = "iphoneos iphonesimulator macosx";
				SWIFT_EMIT_LOC_STRINGS = YES;
				SWIFT_VERSION = 5.0;
				TARGETED_DEVICE_FAMILY = "1,2";
			};
			name = Release;
		};
/* End XCBuildConfiguration section */

/* Begin XCConfigurationList section */
		CB5B6B982976BD0B009F8D45 /* Build configuration list for PBXProject "SFPSDWriter SwiftUI" */ = {
			isa = XCConfigurationList;
			buildConfigurations = (
				CB5B6BAA2976BD0E009F8D45 /* Debug */,
				CB5B6BAB2976BD0E009F8D45 /* Release */,
			);
			defaultConfigurationIsVisible = 0;
			defaultConfigurationName = Release;
		};
		CB5B6BAC2976BD0E009F8D45 /* Build configuration list for PBXNativeTarget "SFPSDWriter SwiftUI" */ = {
			isa = XCConfigurationList;
			buildConfigurations = (
				CB5B6BAD2976BD0E009F8D45 /* Debug */,
				CB5B6BAE2976BD0E009F8D45 /* Release */,
			);
			defaultConfigurationIsVisible = 0;
			defaultConfigurationName = Release;
		};
/* End XCConfigurationList section */
	};
	rootObject = CB5B6B952976BD0B009F8D45 /* Project object */;
}
